
Microsoft Visual Studio Solution File, Format Version 12.00
# Visual Studio 15
VisualStudioVersion = 15.0.28010.2048
MinimumVisualStudioVersion = 10.0.40219.1
Project("{FAE04EC0-301F-11D3-BF4B-00C04F79EFBC}") = "KnzkLiveCommentViewer", "KnzkLiveCommentViewer\KnzkLiveCommentViewer.csproj", "{C66F479C-CDDE-4608-B663-B180FB275339}"
EndProject
Global
	GlobalSection(SolutionConfigurationPlatforms) = preSolution
		Debug|Any CPU = Debug|Any CPU
		Release|Any CPU = Release|Any CPU
	EndGlobalSection
	GlobalSection(ProjectConfigurationPlatforms) = postSolution
		{C66F479C-CDDE-4608-B663-B180FB275339}.Debug|Any CPU.ActiveCfg = Debug|Any CPU
		{C66F479C-CDDE-4608-B663-B180FB275339}.Debug|Any CPU.Build.0 = Debug|Any CPU
		{C66F479C-CDDE-4608-B663-B180FB275339}.Release|Any CPU.ActiveCfg = Release|Any CPU
		{C66F479C-CDDE-4608-B663-B180FB275339}.Release|Any CPU.Build.0 = Release|Any CPU
	EndGlobalSection
	GlobalSection(SolutionProperties) = preSolution
		HideSolutionNode = FALSE
	EndGlobalSection
	GlobalSection(ExtensibilityGlobals) = postSolution
		SolutionGuid = {E3BA2ADE-0D38-4B26-AFBC-06040E7E52A3}
	EndGlobalSection
EndGlobal
